// !$*UTF8*$!
{
	archiveVersion = 1;
	classes = {
	};
	objectVersion = 56;
	objects = {

/* Begin PBXBuildFile section */
		0305F34B2CB31D7A006A1A19 /* PagingViewController.swift in Sources */ = {isa = PBXBuildFile; fileRef = 0305F34A2CB31D7A006A1A19 /* PagingViewController.swift */; };
		0338CF142CB5A1D7001CF71A /* ProfileViewController.swift in Sources */ = {isa = PBXBuildFile; fileRef = 0338CF132CB5A1D7001CF71A /* ProfileViewController.swift */; };
		0338CF162CB5B504001CF71A /* HomeViewController.swift in Sources */ = {isa = PBXBuildFile; fileRef = 0338CF152CB5B504001CF71A /* HomeViewController.swift */; };
		0338CF182CB5B51D001CF71A /* PortfolioViewController.swift in Sources */ = {isa = PBXBuildFile; fileRef = 0338CF172CB5B51D001CF71A /* PortfolioViewController.swift */; };
		0338CF1A2CB5B533001CF71A /* StocksViewController.swift in Sources */ = {isa = PBXBuildFile; fileRef = 0338CF192CB5B533001CF71A /* StocksViewController.swift */; };
		03C30CAA2CBAE4CA004F3F3F /* Model.swift in Sources */ = {isa = PBXBuildFile; fileRef = 03C30CA92CBAE4CA004F3F3F /* Model.swift */; };
		03C5D4A62CB6B155002A6832 /* Ticker.swift in Sources */ = {isa = PBXBuildFile; fileRef = 03C5D4A52CB6B155002A6832 /* Ticker.swift */; };
		03C5D4A82CB6B1B2002A6832 /* OpenClose.swift in Sources */ = {isa = PBXBuildFile; fileRef = 03C5D4A72CB6B1B2002A6832 /* OpenClose.swift */; };
		03C5D4AA2CB6B266002A6832 /* NetworkManager.swift in Sources */ = {isa = PBXBuildFile; fileRef = 03C5D4A92CB6B266002A6832 /* NetworkManager.swift */; };
		03DB4F752CB6D666007A6300 /* StockCell.swift in Sources */ = {isa = PBXBuildFile; fileRef = 03DB4F732CB6D666007A6300 /* StockCell.swift */; };
		03DB4F762CB6D666007A6300 /* StockCell.xib in Resources */ = {isa = PBXBuildFile; fileRef = 03DB4F742CB6D666007A6300 /* StockCell.xib */; };
		03DE96262CB652E50065FE68 /* CustomTabBar.swift in Sources */ = {isa = PBXBuildFile; fileRef = 03DE96252CB652E50065FE68 /* CustomTabBar.swift */; };
		03E30A242CB15681008AC637 /* AppDelegate.swift in Sources */ = {isa = PBXBuildFile; fileRef = 03E30A232CB15681008AC637 /* AppDelegate.swift */; };
		03E30A262CB15681008AC637 /* SceneDelegate.swift in Sources */ = {isa = PBXBuildFile; fileRef = 03E30A252CB15681008AC637 /* SceneDelegate.swift */; };
		03E30A2B2CB15681008AC637 /* Base in Resources */ = {isa = PBXBuildFile; fileRef = 03E30A2A2CB15681008AC637 /* Base */; };
		03E30A2D2CB15683008AC637 /* Assets.xcassets in Resources */ = {isa = PBXBuildFile; fileRef = 03E30A2C2CB15683008AC637 /* Assets.xcassets */; };
		03E30A302CB15683008AC637 /* Base in Resources */ = {isa = PBXBuildFile; fileRef = 03E30A2F2CB15683008AC637 /* Base */; };
		03E30A3C2CB1575C008AC637 /* GradientView.swift in Sources */ = {isa = PBXBuildFile; fileRef = 03E30A3B2CB1575C008AC637 /* GradientView.swift */; };
		03E30A3E2CB157F5008AC637 /* WelcomeViewController.swift in Sources */ = {isa = PBXBuildFile; fileRef = 03E30A3D2CB157F5008AC637 /* WelcomeViewController.swift */; };
		03E30A402CB1A6A2008AC637 /* CustomButton.swift in Sources */ = {isa = PBXBuildFile; fileRef = 03E30A3F2CB1A6A2008AC637 /* CustomButton.swift */; };
		03EB465C2CB4344A0069946C /* SetupPINViewController.swift in Sources */ = {isa = PBXBuildFile; fileRef = 03EB465B2CB4344A0069946C /* SetupPINViewController.swift */; };
		03EB465E2CB435670069946C /* CustomKeyboardView.swift in Sources */ = {isa = PBXBuildFile; fileRef = 03EB465D2CB435670069946C /* CustomKeyboardView.swift */; };
/* End PBXBuildFile section */

/* Begin PBXFileReference section */
		0305F34A2CB31D7A006A1A19 /* PagingViewController.swift */ = {isa = PBXFileReference; lastKnownFileType = sourcecode.swift; path = PagingViewController.swift; sourceTree = "<group>"; };
		0338CF132CB5A1D7001CF71A /* ProfileViewController.swift */ = {isa = PBXFileReference; lastKnownFileType = sourcecode.swift; path = ProfileViewController.swift; sourceTree = "<group>"; };
		0338CF152CB5B504001CF71A /* HomeViewController.swift */ = {isa = PBXFileReference; lastKnownFileType = sourcecode.swift; path = HomeViewController.swift; sourceTree = "<group>"; };
		0338CF172CB5B51D001CF71A /* PortfolioViewController.swift */ = {isa = PBXFileReference; lastKnownFileType = sourcecode.swift; path = PortfolioViewController.swift; sourceTree = "<group>"; };
		0338CF192CB5B533001CF71A /* StocksViewController.swift */ = {isa = PBXFileReference; lastKnownFileType = sourcecode.swift; path = StocksViewController.swift; sourceTree = "<group>"; };
		03C30CA92CBAE4CA004F3F3F /* Model.swift */ = {isa = PBXFileReference; lastKnownFileType = sourcecode.swift; path = Model.swift; sourceTree = "<group>"; };
		03C5D4A52CB6B155002A6832 /* Ticker.swift */ = {isa = PBXFileReference; lastKnownFileType = sourcecode.swift; path = Ticker.swift; sourceTree = "<group>"; };
		03C5D4A72CB6B1B2002A6832 /* OpenClose.swift */ = {isa = PBXFileReference; lastKnownFileType = sourcecode.swift; path = OpenClose.swift; sourceTree = "<group>"; };
		03C5D4A92CB6B266002A6832 /* NetworkManager.swift */ = {isa = PBXFileReference; lastKnownFileType = sourcecode.swift; path = NetworkManager.swift; sourceTree = "<group>"; };
		03DB4F732CB6D666007A6300 /* StockCell.swift */ = {isa = PBXFileReference; lastKnownFileType = sourcecode.swift; path = StockCell.swift; sourceTree = "<group>"; };
		03DB4F742CB6D666007A6300 /* StockCell.xib */ = {isa = PBXFileReference; lastKnownFileType = file.xib; path = StockCell.xib; sourceTree = "<group>"; };
		03DE96252CB652E50065FE68 /* CustomTabBar.swift */ = {isa = PBXFileReference; lastKnownFileType = sourcecode.swift; path = CustomTabBar.swift; sourceTree = "<group>"; };
		03E30A202CB15681008AC637 /* Project052024.app */ = {isa = PBXFileReference; explicitFileType = wrapper.application; includeInIndex = 0; path = Project052024.app; sourceTree = BUILT_PRODUCTS_DIR; };
		03E30A232CB15681008AC637 /* AppDelegate.swift */ = {isa = PBXFileReference; lastKnownFileType = sourcecode.swift; path = AppDelegate.swift; sourceTree = "<group>"; };
		03E30A252CB15681008AC637 /* SceneDelegate.swift */ = {isa = PBXFileReference; lastKnownFileType = sourcecode.swift; path = SceneDelegate.swift; sourceTree = "<group>"; };
		03E30A2A2CB15681008AC637 /* Base */ = {isa = PBXFileReference; lastKnownFileType = file.storyboard; name = Base; path = Base.lproj/Main.storyboard; sourceTree = "<group>"; };
		03E30A2C2CB15683008AC637 /* Assets.xcassets */ = {isa = PBXFileReference; lastKnownFileType = folder.assetcatalog; path = Assets.xcassets; sourceTree = "<group>"; };
		03E30A2F2CB15683008AC637 /* Base */ = {isa = PBXFileReference; lastKnownFileType = file.storyboard; name = Base; path = Base.lproj/LaunchScreen.storyboard; sourceTree = "<group>"; };
		03E30A312CB15683008AC637 /* Info.plist */ = {isa = PBXFileReference; lastKnownFileType = text.plist.xml; path = Info.plist; sourceTree = "<group>"; };
		03E30A3B2CB1575C008AC637 /* GradientView.swift */ = {isa = PBXFileReference; lastKnownFileType = sourcecode.swift; path = GradientView.swift; sourceTree = "<group>"; };
		03E30A3D2CB157F5008AC637 /* WelcomeViewController.swift */ = {isa = PBXFileReference; lastKnownFileType = sourcecode.swift; path = WelcomeViewController.swift; sourceTree = "<group>"; };
		03E30A3F2CB1A6A2008AC637 /* CustomButton.swift */ = {isa = PBXFileReference; lastKnownFileType = sourcecode.swift; path = CustomButton.swift; sourceTree = "<group>"; };
		03EB465B2CB4344A0069946C /* SetupPINViewController.swift */ = {isa = PBXFileReference; lastKnownFileType = sourcecode.swift; path = SetupPINViewController.swift; sourceTree = "<group>"; };
		03EB465D2CB435670069946C /* CustomKeyboardView.swift */ = {isa = PBXFileReference; lastKnownFileType = sourcecode.swift; path = CustomKeyboardView.swift; sourceTree = "<group>"; };
/* End PBXFileReference section */

/* Begin PBXFrameworksBuildPhase section */
		03E30A1D2CB15681008AC637 /* Frameworks */ = {
			isa = PBXFrameworksBuildPhase;
			buildActionMask = 2147483647;
			files = (
			);
			runOnlyForDeploymentPostprocessing = 0;
		};
/* End PBXFrameworksBuildPhase section */

/* Begin PBXGroup section */
		03DB4F722CB6D643007A6300 /* Cell */ = {
			isa = PBXGroup;
			children = (
				03DB4F732CB6D666007A6300 /* StockCell.swift */,
				03DB4F742CB6D666007A6300 /* StockCell.xib */,
			);
			path = Cell;
			sourceTree = "<group>";
		};
		03E30A172CB15681008AC637 = {
			isa = PBXGroup;
			children = (
				03E30A222CB15681008AC637 /* Project052024 */,
				03E30A212CB15681008AC637 /* Products */,
			);
			sourceTree = "<group>";
		};
		03E30A212CB15681008AC637 /* Products */ = {
			isa = PBXGroup;
			children = (
				03E30A202CB15681008AC637 /* Project052024.app */,
			);
			name = Products;
			sourceTree = "<group>";
		};
		03E30A222CB15681008AC637 /* Project052024 */ = {
			isa = PBXGroup;
			children = (
				03E30A3A2CB15731008AC637 /* Model */,
				03E30A392CB15728008AC637 /* View */,
				03E30A382CB15718008AC637 /* ViewModel */,
				03E30A372CB156AF008AC637 /* Source */,
				03E30A292CB15681008AC637 /* Main.storyboard */,
				03E30A2C2CB15683008AC637 /* Assets.xcassets */,
				03E30A312CB15683008AC637 /* Info.plist */,
			);
			path = Project052024;
			sourceTree = "<group>";
		};
		03E30A372CB156AF008AC637 /* Source */ = {
			isa = PBXGroup;
			children = (
				03E30A232CB15681008AC637 /* AppDelegate.swift */,
				03E30A252CB15681008AC637 /* SceneDelegate.swift */,
				03E30A2E2CB15683008AC637 /* LaunchScreen.storyboard */,
			);
			path = Source;
			sourceTree = "<group>";
		};
		03E30A382CB15718008AC637 /* ViewModel */ = {
			isa = PBXGroup;
			children = (
				03E30A3D2CB157F5008AC637 /* WelcomeViewController.swift */,
				0305F34A2CB31D7A006A1A19 /* PagingViewController.swift */,
				03EB465B2CB4344A0069946C /* SetupPINViewController.swift */,
				0338CF132CB5A1D7001CF71A /* ProfileViewController.swift */,
				0338CF152CB5B504001CF71A /* HomeViewController.swift */,
				0338CF172CB5B51D001CF71A /* PortfolioViewController.swift */,
				0338CF192CB5B533001CF71A /* StocksViewController.swift */,
			);
			path = ViewModel;
			sourceTree = "<group>";
		};
		03E30A392CB15728008AC637 /* View */ = {
			isa = PBXGroup;
			children = (
				03DB4F722CB6D643007A6300 /* Cell */,
				03E30A3B2CB1575C008AC637 /* GradientView.swift */,
				03E30A3F2CB1A6A2008AC637 /* CustomButton.swift */,
				03EB465D2CB435670069946C /* CustomKeyboardView.swift */,
				03DE96252CB652E50065FE68 /* CustomTabBar.swift */,
			);
			path = View;
			sourceTree = "<group>";
		};
		03E30A3A2CB15731008AC637 /* Model */ = {
			isa = PBXGroup;
			children = (
				03C5D4A52CB6B155002A6832 /* Ticker.swift */,
				03C5D4A72CB6B1B2002A6832 /* OpenClose.swift */,
				03C5D4A92CB6B266002A6832 /* NetworkManager.swift */,
				03C30CA92CBAE4CA004F3F3F /* Model.swift */,
			);
			path = Model;
			sourceTree = "<group>";
		};
/* End PBXGroup section */

/* Begin PBXNativeTarget section */
		03E30A1F2CB15681008AC637 /* Project052024 */ = {
			isa = PBXNativeTarget;
			buildConfigurationList = 03E30A342CB15683008AC637 /* Build configuration list for PBXNativeTarget "Project052024" */;
			buildPhases = (
				03E30A1C2CB15681008AC637 /* Sources */,
				03E30A1D2CB15681008AC637 /* Frameworks */,
				03E30A1E2CB15681008AC637 /* Resources */,
			);
			buildRules = (
			);
			dependencies = (
			);
			name = Project052024;
			productName = Project052024;
			productReference = 03E30A202CB15681008AC637 /* Project052024.app */;
			productType = "com.apple.product-type.application";
		};
/* End PBXNativeTarget section */

/* Begin PBXProject section */
		03E30A182CB15681008AC637 /* Project object */ = {
			isa = PBXProject;
			attributes = {
				BuildIndependentTargetsInParallel = 1;
				LastSwiftUpdateCheck = 1540;
				LastUpgradeCheck = 1540;
				TargetAttributes = {
					03E30A1F2CB15681008AC637 = {
						CreatedOnToolsVersion = 15.4;
					};
				};
			};
			buildConfigurationList = 03E30A1B2CB15681008AC637 /* Build configuration list for PBXProject "Project052024" */;
			compatibilityVersion = "Xcode 14.0";
			developmentRegion = en;
			hasScannedForEncodings = 0;
			knownRegions = (
				en,
				Base,
			);
			mainGroup = 03E30A172CB15681008AC637;
			productRefGroup = 03E30A212CB15681008AC637 /* Products */;
			projectDirPath = "";
			projectRoot = "";
			targets = (
				03E30A1F2CB15681008AC637 /* Project052024 */,
			);
		};
/* End PBXProject section */

/* Begin PBXResourcesBuildPhase section */
		03E30A1E2CB15681008AC637 /* Resources */ = {
			isa = PBXResourcesBuildPhase;
			buildActionMask = 2147483647;
			files = (
				03E30A2D2CB15683008AC637 /* Assets.xcassets in Resources */,
				03E30A302CB15683008AC637 /* Base in Resources */,
				03DB4F762CB6D666007A6300 /* StockCell.xib in Resources */,
				03E30A2B2CB15681008AC637 /* Base in Resources */,
			);
			runOnlyForDeploymentPostprocessing = 0;
		};
/* End PBXResourcesBuildPhase section */

/* Begin PBXSourcesBuildPhase section */
		03E30A1C2CB15681008AC637 /* Sources */ = {
			isa = PBXSourcesBuildPhase;
			buildActionMask = 2147483647;
			files = (
				03EB465C2CB4344A0069946C /* SetupPINViewController.swift in Sources */,
				0305F34B2CB31D7A006A1A19 /* PagingViewController.swift in Sources */,
				03EB465E2CB435670069946C /* CustomKeyboardView.swift in Sources */,
				03DE96262CB652E50065FE68 /* CustomTabBar.swift in Sources */,
				03DB4F752CB6D666007A6300 /* StockCell.swift in Sources */,
				03C5D4AA2CB6B266002A6832 /* NetworkManager.swift in Sources */,
				03C5D4A82CB6B1B2002A6832 /* OpenClose.swift in Sources */,
				0338CF1A2CB5B533001CF71A /* StocksViewController.swift in Sources */,
				03E30A242CB15681008AC637 /* AppDelegate.swift in Sources */,
				03C30CAA2CBAE4CA004F3F3F /* Model.swift in Sources */,
				03E30A3E2CB157F5008AC637 /* WelcomeViewController.swift in Sources */,
				0338CF162CB5B504001CF71A /* HomeViewController.swift in Sources */,
				03C5D4A62CB6B155002A6832 /* Ticker.swift in Sources */,
				03E30A262CB15681008AC637 /* SceneDelegate.swift in Sources */,
				0338CF142CB5A1D7001CF71A /* ProfileViewController.swift in Sources */,
				03E30A3C2CB1575C008AC637 /* GradientView.swift in Sources */,
				0338CF182CB5B51D001CF71A /* PortfolioViewController.swift in Sources */,
				03E30A402CB1A6A2008AC637 /* CustomButton.swift in Sources */,
			);
			runOnlyForDeploymentPostprocessing = 0;
		};
/* End PBXSourcesBuildPhase section */

/* Begin PBXVariantGroup section */
		03E30A292CB15681008AC637 /* Main.storyboard */ = {
			isa = PBXVariantGroup;
			children = (
				03E30A2A2CB15681008AC637 /* Base */,
			);
			name = Main.storyboard;
			sourceTree = "<group>";
		};
		03E30A2E2CB15683008AC637 /* LaunchScreen.storyboard */ = {
			isa = PBXVariantGroup;
			children = (
				03E30A2F2CB15683008AC637 /* Base */,
			);
			name = LaunchScreen.storyboard;
			sourceTree = "<group>";
		};
/* End PBXVariantGroup section */

/* Begin XCBuildConfiguration section */
		03E30A322CB15683008AC637 /* Debug */ = {
			isa = XCBuildConfiguration;
			buildSettings = {
				ALWAYS_SEARCH_USER_PATHS = NO;
				ASSETCATALOG_COMPILER_GENERATE_SWIFT_ASSET_SYMBOL_EXTENSIONS = YES;
				CLANG_ANALYZER_NONNULL = YES;
				CLANG_ANALYZER_NUMBER_OBJECT_CONVERSION = YES_AGGRESSIVE;
				CLANG_CXX_LANGUAGE_STANDARD = "gnu++20";
				CLANG_ENABLE_MODULES = YES;
				CLANG_ENABLE_OBJC_ARC = YES;
				CLANG_ENABLE_OBJC_WEAK = YES;
				CLANG_WARN_BLOCK_CAPTURE_AUTORELEASING = YES;
				CLANG_WARN_BOOL_CONVERSION = YES;
				CLANG_WARN_COMMA = YES;
				CLANG_WARN_CONSTANT_CONVERSION = YES;
				CLANG_WARN_DEPRECATED_OBJC_IMPLEMENTATIONS = YES;
				CLANG_WARN_DIRECT_OBJC_ISA_USAGE = YES_ERROR;
				CLANG_WARN_DOCUMENTATION_COMMENTS = YES;
				CLANG_WARN_EMPTY_BODY = YES;
				CLANG_WARN_ENUM_CONVERSION = YES;
				CLANG_WARN_INFINITE_RECURSION = YES;
				CLANG_WARN_INT_CONVERSION = YES;
				CLANG_WARN_NON_LITERAL_NULL_CONVERSION = YES;
				CLANG_WARN_OBJC_IMPLICIT_RETAIN_SELF = YES;
				CLANG_WARN_OBJC_LITERAL_CONVERSION = YES;
				CLANG_WARN_OBJC_ROOT_CLASS = YES_ERROR;
				CLANG_WARN_QUOTED_INCLUDE_IN_FRAMEWORK_HEADER = YES;
				CLANG_WARN_RANGE_LOOP_ANALYSIS = YES;
				CLANG_WARN_STRICT_PROTOTYPES = YES;
				CLANG_WARN_SUSPICIOUS_MOVE = YES;
				CLANG_WARN_UNGUARDED_AVAILABILITY = YES_AGGRESSIVE;
				CLANG_WARN_UNREACHABLE_CODE = YES;
				CLANG_WARN__DUPLICATE_METHOD_MATCH = YES;
				COPY_PHASE_STRIP = NO;
				DEBUG_INFORMATION_FORMAT = dwarf;
				ENABLE_STRICT_OBJC_MSGSEND = YES;
				ENABLE_TESTABILITY = YES;
				ENABLE_USER_SCRIPT_SANDBOXING = YES;
				GCC_C_LANGUAGE_STANDARD = gnu17;
				GCC_DYNAMIC_NO_PIC = NO;
				GCC_NO_COMMON_BLOCKS = YES;
				GCC_OPTIMIZATION_LEVEL = 0;
				GCC_PREPROCESSOR_DEFINITIONS = (
					"DEBUG=1",
					"$(inherited)",
				);
				GCC_WARN_64_TO_32_BIT_CONVERSION = YES;
				GCC_WARN_ABOUT_RETURN_TYPE = YES_ERROR;
				GCC_WARN_UNDECLARED_SELECTOR = YES;
				GCC_WARN_UNINITIALIZED_AUTOS = YES_AGGRESSIVE;
				GCC_WARN_UNUSED_FUNCTION = YES;
				GCC_WARN_UNUSED_VARIABLE = YES;
				IPHONEOS_DEPLOYMENT_TARGET = 17.5;
				LOCALIZATION_PREFERS_STRING_CATALOGS = YES;
				MTL_ENABLE_DEBUG_INFO = INCLUDE_SOURCE;
				MTL_FAST_MATH = YES;
				ONLY_ACTIVE_ARCH = YES;
				SDKROOT = iphoneos;
				SWIFT_ACTIVE_COMPILATION_CONDITIONS = "DEBUG $(inherited)";
				SWIFT_OPTIMIZATION_LEVEL = "-Onone";
			};
			name = Debug;
		};
		03E30A332CB15683008AC637 /* Release */ = {
			isa = XCBuildConfiguration;
			buildSettings = {
				ALWAYS_SEARCH_USER_PATHS = NO;
				ASSETCATALOG_COMPILER_GENERATE_SWIFT_ASSET_SYMBOL_EXTENSIONS = YES;
				CLANG_ANALYZER_NONNULL = YES;
				CLANG_ANALYZER_NUMBER_OBJECT_CONVERSION = YES_AGGRESSIVE;
				CLANG_CXX_LANGUAGE_STANDARD = "gnu++20";
				CLANG_ENABLE_MODULES = YES;
				CLANG_ENABLE_OBJC_ARC = YES;
				CLANG_ENABLE_OBJC_WEAK = YES;
				CLANG_WARN_BLOCK_CAPTURE_AUTORELEASING = YES;
				CLANG_WARN_BOOL_CONVERSION = YES;
				CLANG_WARN_COMMA = YES;
				CLANG_WARN_CONSTANT_CONVERSION = YES;
				CLANG_WARN_DEPRECATED_OBJC_IMPLEMENTATIONS = YES;
				CLANG_WARN_DIRECT_OBJC_ISA_USAGE = YES_ERROR;
				CLANG_WARN_DOCUMENTATION_COMMENTS = YES;
				CLANG_WARN_EMPTY_BODY = YES;
				CLANG_WARN_ENUM_CONVERSION = YES;
				CLANG_WARN_INFINITE_RECURSION = YES;
				CLANG_WARN_INT_CONVERSION = YES;
				CLANG_WARN_NON_LITERAL_NULL_CONVERSION = YES;
				CLANG_WARN_OBJC_IMPLICIT_RETAIN_SELF = YES;
				CLANG_WARN_OBJC_LITERAL_CONVERSION = YES;
				CLANG_WARN_OBJC_ROOT_CLASS = YES_ERROR;
				CLANG_WARN_QUOTED_INCLUDE_IN_FRAMEWORK_HEADER = YES;
				CLANG_WARN_RANGE_LOOP_ANALYSIS = YES;
				CLANG_WARN_STRICT_PROTOTYPES = YES;
				CLANG_WARN_SUSPICIOUS_MOVE = YES;
				CLANG_WARN_UNGUARDED_AVAILABILITY = YES_AGGRESSIVE;
				CLANG_WARN_UNREACHABLE_CODE = YES;
				CLANG_WARN__DUPLICATE_METHOD_MATCH = YES;
				COPY_PHASE_STRIP = NO;
				DEBUG_INFORMATION_FORMAT = "dwarf-with-dsym";
				ENABLE_NS_ASSERTIONS = NO;
				ENABLE_STRICT_OBJC_MSGSEND = YES;
				ENABLE_USER_SCRIPT_SANDBOXING = YES;
				GCC_C_LANGUAGE_STANDARD = gnu17;
				GCC_NO_COMMON_BLOCKS = YES;
				GCC_WARN_64_TO_32_BIT_CONVERSION = YES;
				GCC_WARN_ABOUT_RETURN_TYPE = YES_ERROR;
				GCC_WARN_UNDECLARED_SELECTOR = YES;
				GCC_WARN_UNINITIALIZED_AUTOS = YES_AGGRESSIVE;
				GCC_WARN_UNUSED_FUNCTION = YES;
				GCC_WARN_UNUSED_VARIABLE = YES;
				IPHONEOS_DEPLOYMENT_TARGET = 17.5;
				LOCALIZATION_PREFERS_STRING_CATALOGS = YES;
				MTL_ENABLE_DEBUG_INFO = NO;
				MTL_FAST_MATH = YES;
				SDKROOT = iphoneos;
				SWIFT_COMPILATION_MODE = wholemodule;
				VALIDATE_PRODUCT = YES;
			};
			name = Release;
		};
		03E30A352CB15683008AC637 /* Debug */ = {
			isa = XCBuildConfiguration;
			buildSettings = {
				ASSETCATALOG_COMPILER_APPICON_NAME = AppIcon;
				ASSETCATALOG_COMPILER_GLOBAL_ACCENT_COLOR_NAME = AccentColor;
				CODE_SIGN_STYLE = Automatic;
				CURRENT_PROJECT_VERSION = 1;
				GENERATE_INFOPLIST_FILE = YES;
				INFOPLIST_FILE = Project052024/Info.plist;
				INFOPLIST_KEY_UIApplicationSupportsIndirectInputEvents = YES;
				INFOPLIST_KEY_UILaunchStoryboardName = LaunchScreen;
				INFOPLIST_KEY_UIMainStoryboardFile = Main;
				INFOPLIST_KEY_UISupportedInterfaceOrientations_iPad = "UIInterfaceOrientationPortrait UIInterfaceOrientationPortraitUpsideDown UIInterfaceOrientationLandscapeLeft UIInterfaceOrientationLandscapeRight";
				INFOPLIST_KEY_UISupportedInterfaceOrientations_iPhone = "UIInterfaceOrientationPortrait UIInterfaceOrientationLandscapeLeft UIInterfaceOrientationLandscapeRight";
				IPHONEOS_DEPLOYMENT_TARGET = 15.0;
				LD_RUNPATH_SEARCH_PATHS = (
					"$(inherited)",
					"@executable_path/Frameworks",
				);
				MARKETING_VERSION = 1.0;
				PRODUCT_BUNDLE_IDENTIFIER = ru.lek.Project052024;
				PRODUCT_NAME = "$(TARGET_NAME)";
				SWIFT_EMIT_LOC_STRINGS = YES;
				SWIFT_VERSION = 5.0;
				TARGETED_DEVICE_FAMILY = "1,2";
			};
			name = Debug;
		};
		03E30A362CB15683008AC637 /* Release */ = {
			isa = XCBuildConfiguration;
			buildSettings = {
				ASSETCATALOG_COMPILER_APPICON_NAME = AppIcon;
				ASSETCATALOG_COMPILER_GLOBAL_ACCENT_COLOR_NAME = AccentColor;
				CODE_SIGN_STYLE = Automatic;
				CURRENT_PROJECT_VERSION = 1;
				GENERATE_INFOPLIST_FILE = YES;
				INFOPLIST_FILE = Project052024/Info.plist;
				INFOPLIST_KEY_UIApplicationSupportsIndirectInputEvents = YES;
				INFOPLIST_KEY_UILaunchStoryboardName = LaunchScreen;
				INFOPLIST_KEY_UIMainStoryboardFile = Main;
				INFOPLIST_KEY_UISupportedInterfaceOrientations_iPad = "UIInterfaceOrientationPortrait UIInterfaceOrientationPortraitUpsideDown UIInterfaceOrientationLandscapeLeft UIInterfaceOrientationLandscapeRight";
				INFOPLIST_KEY_UISupportedInterfaceOrientations_iPhone = "UIInterfaceOrientationPortrait UIInterfaceOrientationLandscapeLeft UIInterfaceOrientationLandscapeRight";
				IPHONEOS_DEPLOYMENT_TARGET = 15.0;
				LD_RUNPATH_SEARCH_PATHS = (
					"$(inherited)",
					"@executable_path/Frameworks",
				);
				MARKETING_VERSION = 1.0;
				PRODUCT_BUNDLE_IDENTIFIER = ru.lek.Project052024;
				PRODUCT_NAME = "$(TARGET_NAME)";
				SWIFT_EMIT_LOC_STRINGS = YES;
				SWIFT_VERSION = 5.0;
				TARGETED_DEVICE_FAMILY = "1,2";
			};
			name = Release;
		};
/* End XCBuildConfiguration section */

/* Begin XCConfigurationList section */
		03E30A1B2CB15681008AC637 /* Build configuration list for PBXProject "Project052024" */ = {
			isa = XCConfigurationList;
			buildConfigurations = (
				03E30A322CB15683008AC637 /* Debug */,
				03E30A332CB15683008AC637 /* Release */,
			);
			defaultConfigurationIsVisible = 0;
			defaultConfigurationName = Release;
		};
		03E30A342CB15683008AC637 /* Build configuration list for PBXNativeTarget "Project052024" */ = {
			isa = XCConfigurationList;
			buildConfigurations = (
				03E30A352CB15683008AC637 /* Debug */,
				03E30A362CB15683008AC637 /* Release */,
			);
			defaultConfigurationIsVisible = 0;
			defaultConfigurationName = Release;
		};
/* End XCConfigurationList section */
	};
	rootObject = 03E30A182CB15681008AC637 /* Project object */;
}
